# This file is automatically @generated by Cargo.
# It is not intended for manual editing.
version = 3

[[package]]
name = "autocfg"
version = "1.1.0"
source = "registry+https://github.com/rust-lang/crates.io-index"
checksum = "d468802bab17cbc0cc575e9b053f41e72aa36bfa6b7f55e3529ffa43161b97fa"

[[package]]
name = "hashbrown"
version = "0.12.3"
source = "registry+https://github.com/rust-lang/crates.io-index"
checksum = "8a9ee70c43aaf417c914396645a0fa852624801b24ebb7ae78fe8272889ac888"

[[package]]
name = "indexmap"
version = "1.9.3"
source = "registry+https://github.com/rust-lang/crates.io-index"
checksum = "bd070e393353796e801d209ad339e89596eb4c8d430d18ede6a1cced8fafbd99"
dependencies = [
 "autocfg",
 "hashbrown",
]

[[package]]
name = "itoa"
version = "1.0.6"
source = "registry+https://github.com/rust-lang/crates.io-index"
checksum = "453ad9f582a441959e5f0d088b02ce04cfe8d51a8eaf077f12ac6d3e94164ca6"

[[package]]
name = "memchr"
version = "2.5.0"
source = "registry+https://github.com/rust-lang/crates.io-index"
checksum = "2dffe52ecf27772e601905b7522cb4ef790d2cc203488bbd0e2fe85fcb74566d"

[[package]]
name = "serde"
version = "1.0.164"
source = "registry+https://github.com/rust-lang/crates.io-index"
checksum = "9e8c8cf938e98f769bc164923b06dce91cea1751522f46f8466461af04c9027d"

[[package]]
name = "serde_spanned"
version = "0.6.2"
source = "registry+https://github.com/rust-lang/crates.io-index"
checksum = "93107647184f6027e3b7dcb2e11034cf95ffa1e3a682c67951963ac69c1c007d"
dependencies = [
 "serde",
]

[[package]]
name = "todo-bin"
version = "0.1.0"
dependencies = [
 "itoa",
 "serde",
 "toml",
]

[[package]]
name = "toml"
version = "0.7.4"
source = "registry+https://github.com/rust-lang/crates.io-index"
checksum = "d6135d499e69981f9ff0ef2167955a5333c35e36f6937d382974566b3d5b94ec"
dependencies = [
 "serde",
 "serde_spanned",
 "toml_datetime",
 "toml_edit",
]

[[package]]
name = "toml_datetime"
version = "0.6.2"
source = "registry+https://github.com/rust-lang/crates.io-index"
checksum = "5a76a9312f5ba4c2dec6b9161fdf25d87ad8a09256ccea5a556fef03c706a10f"
dependencies = [
 "serde",
]

[[package]]
name = "toml_edit"
version = "0.19.10"
source = "registry+https://github.com/rust-lang/crates.io-index"
checksum = "2380d56e8670370eee6566b0bfd4265f65b3f432e8c6d85623f728d4fa31f739"
dependencies = [
 "indexmap",
 "serde",
 "serde_spanned",
 "toml_datetime",
 "winnow",
]

[[package]]
name = "winnow"
version = "0.4.6"
source = "registry+https://github.com/rust-lang/crates.io-index"
checksum = "61de7bac303dc551fe038e2b3cef0f571087a47571ea6e79a87692ac99b99699"
dependencies = [
 "memchr",
]
